
Microsoft Visual Studio Solution File, Format Version 12.00
# Visual Studio Version 16
VisualStudioVersion = 16.0.31321.278
MinimumVisualStudioVersion = 10.0.40219.1
Project("{9A19103F-16F7-4668-BE54-9A1E7A4F7556}") = "WebApiSample", "WebApiSample\WebApiSample.csproj", "{DB270992-ADB3-488E-BF42-116EA6D79DE1}"
EndProject
Project("{9A19103F-16F7-4668-BE54-9A1E7A4F7556}") = "Contrats", "Contracts\Contrats.csproj", "{E9E4BE88-B454-4B1A-82D9-7D628928FAC4}"
EndProject
Project("{9A19103F-16F7-4668-BE54-9A1E7A4F7556}") = "ServiceLogging", "LoggerService\ServiceLogging.csproj", "{085A7EAC-2B9D-465F-ADDF-5AECE8A8F6FD}"
EndProject
Project("{9A19103F-16F7-4668-BE54-9A1E7A4F7556}") = "Entites", "Entites\Entites.csproj", "{BDDB0003-0C5D-49EE-9258-F1A56F84AB45}"
EndProject
Project("{FAE04EC0-301F-11D3-BF4B-00C04F79EFBC}") = "Repositories", "Repositories\Repositories.csproj", "{F7993B01-69DA-4E23-987C-AE06CFD06D85}"
EndProject
Global
	GlobalSection(SolutionConfigurationPlatforms) = preSolution
		Debug|Any CPU = Debug|Any CPU
		Release|Any CPU = Release|Any CPU
	EndGlobalSection
	GlobalSection(ProjectConfigurationPlatforms) = postSolution
		{DB270992-ADB3-488E-BF42-116EA6D79DE1}.Debug|Any CPU.ActiveCfg = Debug|Any CPU
		{DB270992-ADB3-488E-BF42-116EA6D79DE1}.Debug|Any CPU.Build.0 = Debug|Any CPU
		{DB270992-ADB3-488E-BF42-116EA6D79DE1}.Release|Any CPU.ActiveCfg = Release|Any CPU
		{DB270992-ADB3-488E-BF42-116EA6D79DE1}.Release|Any CPU.Build.0 = Release|Any CPU
		{E9E4BE88-B454-4B1A-82D9-7D628928FAC4}.Debug|Any CPU.ActiveCfg = Debug|Any CPU
		{E9E4BE88-B454-4B1A-82D9-7D628928FAC4}.Debug|Any CPU.Build.0 = Debug|Any CPU
		{E9E4BE88-B454-4B1A-82D9-7D628928FAC4}.Release|Any CPU.ActiveCfg = Release|Any CPU
		{E9E4BE88-B454-4B1A-82D9-7D628928FAC4}.Release|Any CPU.Build.0 = Release|Any CPU
		{085A7EAC-2B9D-465F-ADDF-5AECE8A8F6FD}.Debug|Any CPU.ActiveCfg = Debug|Any CPU
		{085A7EAC-2B9D-465F-ADDF-5AECE8A8F6FD}.Debug|Any CPU.Build.0 = Debug|Any CPU
		{085A7EAC-2B9D-465F-ADDF-5AECE8A8F6FD}.Release|Any CPU.ActiveCfg = Release|Any CPU
		{085A7EAC-2B9D-465F-ADDF-5AECE8A8F6FD}.Release|Any CPU.Build.0 = Release|Any CPU
		{BDDB0003-0C5D-49EE-9258-F1A56F84AB45}.Debug|Any CPU.ActiveCfg = Debug|Any CPU
		{BDDB0003-0C5D-49EE-9258-F1A56F84AB45}.Debug|Any CPU.Build.0 = Debug|Any CPU
		{BDDB0003-0C5D-49EE-9258-F1A56F84AB45}.Release|Any CPU.ActiveCfg = Release|Any CPU
		{BDDB0003-0C5D-49EE-9258-F1A56F84AB45}.Release|Any CPU.Build.0 = Release|Any CPU
		{F7993B01-69DA-4E23-987C-AE06CFD06D85}.Debug|Any CPU.ActiveCfg = Debug|Any CPU
		{F7993B01-69DA-4E23-987C-AE06CFD06D85}.Debug|Any CPU.Build.0 = Debug|Any CPU
		{F7993B01-69DA-4E23-987C-AE06CFD06D85}.Release|Any CPU.ActiveCfg = Release|Any CPU
		{F7993B01-69DA-4E23-987C-AE06CFD06D85}.Release|Any CPU.Build.0 = Release|Any CPU
	EndGlobalSection
	GlobalSection(SolutionProperties) = preSolution
		HideSolutionNode = FALSE
	EndGlobalSection
	GlobalSection(ExtensibilityGlobals) = postSolution
		SolutionGuid = {CAA1F45A-F845-4FE2-B1E8-572A9437D1C6}
	EndGlobalSection
EndGlobal
